dependencies:
- name: openebs
  repository: https://openebs.github.io/openebs
  version: 4.2.0
- name: openstack-cinder-csi
  repository: https://kubernetes.github.io/cloud-provider-openstack
  version: 2.32.0
- name: rook-ceph
  repository: https://charts.rook.io/release
  version: v1.17.3
- name: rook-ceph-cluster
  repository: https://charts.rook.io/release
  version: v1.17.3
- name: vsphere-csi-driver
  repository: https://charts.mirantis.com
  version: 0.0.3
digest: sha256:c0452f83eb9babe161a9679b9160167185d5c9b0a9f9bc854edc24a17e6fbbb8
generated: "2025-06-07T10:08:19.104107-04:00"
